
Microsoft Visual Studio Solution File, Format Version 12.00
# Visual Studio 14
VisualStudioVersion = 14.0.24720.0
MinimumVisualStudioVersion = 10.0.40219.1
Project("{FAE04EC0-301F-11D3-BF4B-00C04F79EFBC}") = "Wizard", "Wizard\Wizard.csproj", "{B354FDE3-DDD2-4F65-AE61-3FB69F049413}"
EndProject
Project("{FAE04EC0-301F-11D3-BF4B-00C04F79EFBC}") = "WizardDemo", "WizardDemo\WizardDemo.csproj", "{78915CD7-6F07-431E-8F9D-2C1221C29764}"
EndProject
Global
	GlobalSection(SolutionConfigurationPlatforms) = preSolution
		Debug|Any CPU = Debug|Any CPU
		Release|Any CPU = Release|Any CPU
	EndGlobalSection
	GlobalSection(ProjectConfigurationPlatforms) = postSolution
		{B354FDE3-DDD2-4F65-AE61-3FB69F049413}.Debug|Any CPU.ActiveCfg = Debug|Any CPU
		{B354FDE3-DDD2-4F65-AE61-3FB69F049413}.Debug|Any CPU.Build.0 = Debug|Any CPU
		{B354FDE3-DDD2-4F65-AE61-3FB69F049413}.Release|Any CPU.ActiveCfg = Release|Any CPU
		{B354FDE3-DDD2-4F65-AE61-3FB69F049413}.Release|Any CPU.Build.0 = Release|Any CPU
		{78915CD7-6F07-431E-8F9D-2C1221C29764}.Debug|Any CPU.ActiveCfg = Debug|Any CPU
		{78915CD7-6F07-431E-8F9D-2C1221C29764}.Debug|Any CPU.Build.0 = Debug|Any CPU
		{78915CD7-6F07-431E-8F9D-2C1221C29764}.Release|Any CPU.ActiveCfg = Release|Any CPU
		{78915CD7-6F07-431E-8F9D-2C1221C29764}.Release|Any CPU.Build.0 = Release|Any CPU
	EndGlobalSection
	GlobalSection(SolutionProperties) = preSolution
		HideSolutionNode = FALSE
	EndGlobalSection
EndGlobal
